PODS:
  - AsyncDisplayKit (1.2.2):
    - AsyncDisplayKit/ASDealloc2MainObject (= 1.2.2)
  - AsyncDisplayKit/ASDealloc2MainObject (1.2.2)
  - LoremIpsum (1.0.0)
  - SlackTextViewController (1.5):
    - SlackTextViewController/Additions (= 1.5)
  - SlackTextViewController/Additions (1.5)

DEPENDENCIES:
  - AsyncDisplayKit (from `git@github.com:facebook/AsyncDisplayKit.git`, commit `de795d577a`)
  - LoremIpsum (~> 1.0)
  - SlackTextViewController (~> 1.5)

EXTERNAL SOURCES:
  AsyncDisplayKit:
    :commit: de795d577a
    :git: git@github.com:facebook/AsyncDisplayKit.git

CHECKOUT OPTIONS:
  AsyncDisplayKit:
    :commit: de795d577a
    :git: git@github.com:facebook/AsyncDisplayKit.git

SPEC CHECKSUMS:
  AsyncDisplayKit: 70634bfc4bce38b0de85fec7da20a669fdbc8809
  LoremIpsum: 9029c55d36501b2ee0b05cc9ecda11d3a0479160
  SlackTextViewController: 4a1797ac2f3616dbd37435fc62da655e61399cdd

COCOAPODS: 0.38.2
